
Microsoft Visual Studio Solution File, Format Version 12.00
# Visual Studio Version 16
VisualStudioVersion = 16.0.29613.14
MinimumVisualStudioVersion = 10.0.40219.1
Project("{FAE04EC0-301F-11D3-BF4B-00C04F79EFBC}") = "ReviewWebsiteProject", "ReviewWebsiteProject\ReviewWebsiteProject.csproj", "{14B952FA-13BD-403A-BDB9-A8675AF14B2E}"
EndProject
Project("{FAE04EC0-301F-11D3-BF4B-00C04F79EFBC}") = "ReviewWebsiteProject.Tests", "ReviewWebsiteProject.Tests\ReviewWebsiteProject.Tests.csproj", "{0AF7BC1B-A7A4-43C7-8A58-CBEF2FB1667F}"
EndProject
Global
	GlobalSection(SolutionConfigurationPlatforms) = preSolution
		Debug|Any CPU = Debug|Any CPU
		Release|Any CPU = Release|Any CPU
	EndGlobalSection
	GlobalSection(ProjectConfigurationPlatforms) = postSolution
		{14B952FA-13BD-403A-BDB9-A8675AF14B2E}.Debug|Any CPU.ActiveCfg = Debug|Any CPU
		{14B952FA-13BD-403A-BDB9-A8675AF14B2E}.Debug|Any CPU.Build.0 = Debug|Any CPU
		{14B952FA-13BD-403A-BDB9-A8675AF14B2E}.Release|Any CPU.ActiveCfg = Release|Any CPU
		{14B952FA-13BD-403A-BDB9-A8675AF14B2E}.Release|Any CPU.Build.0 = Release|Any CPU
		{0AF7BC1B-A7A4-43C7-8A58-CBEF2FB1667F}.Debug|Any CPU.ActiveCfg = Debug|Any CPU
		{0AF7BC1B-A7A4-43C7-8A58-CBEF2FB1667F}.Debug|Any CPU.Build.0 = Debug|Any CPU
		{0AF7BC1B-A7A4-43C7-8A58-CBEF2FB1667F}.Release|Any CPU.ActiveCfg = Release|Any CPU
		{0AF7BC1B-A7A4-43C7-8A58-CBEF2FB1667F}.Release|Any CPU.Build.0 = Release|Any CPU
	EndGlobalSection
	GlobalSection(SolutionProperties) = preSolution
		HideSolutionNode = FALSE
	EndGlobalSection
	GlobalSection(ExtensibilityGlobals) = postSolution
		SolutionGuid = {3D59CE3C-B81F-48A3-B1C6-BBA696CD204B}
	EndGlobalSection
EndGlobal
